
Microsoft Visual Studio Solution File, Format Version 12.00
# Visual Studio 2012
Project("{FAE04EC0-301F-11D3-BF4B-00C04F79EFBC}") = "SIP_Console_App", "SIP_Console_App\SIP_Console_App.csproj", "{9BD3CDEA-7F37-4FCF-B1D6-BC1EB6B386FF}"
EndProject
Global
	GlobalSection(SolutionConfigurationPlatforms) = preSolution
		Debug|Any CPU = Debug|Any CPU
		Release|Any CPU = Release|Any CPU
	EndGlobalSection
	GlobalSection(ProjectConfigurationPlatforms) = postSolution
		{9BD3CDEA-7F37-4FCF-B1D6-BC1EB6B386FF}.Debug|Any CPU.ActiveCfg = Debug|Any CPU
		{9BD3CDEA-7F37-4FCF-B1D6-BC1EB6B386FF}.Debug|Any CPU.Build.0 = Debug|Any CPU
		{9BD3CDEA-7F37-4FCF-B1D6-BC1EB6B386FF}.Release|Any CPU.ActiveCfg = Release|Any CPU
		{9BD3CDEA-7F37-4FCF-B1D6-BC1EB6B386FF}.Release|Any CPU.Build.0 = Release|Any CPU
	EndGlobalSection
	GlobalSection(SolutionProperties) = preSolution
		HideSolutionNode = FALSE
	EndGlobalSection
EndGlobal
